// !$*UTF8*$!
{
	archiveVersion = 1;
	classes = {
	};
	objectVersion = 46;
	objects = {

/* Begin PBXBuildFile section */
		5CA961FAC99CEC7A837EBE47 /* Pods_PuzzleAnimationTests.framework in Frameworks */ = {isa = PBXBuildFile; fileRef = 6DB806D3D47036B0B3ABA217 /* Pods_PuzzleAnimationTests.framework */; };
		6D3BBBE51C41C2BA004F2C45 /* AppDelegate.swift in Sources */ = {isa = PBXBuildFile; fileRef = 6D3BBBE41C41C2BA004F2C45 /* AppDelegate.swift */; };
		6D3BBBEA1C41C2BA004F2C45 /* Main.storyboard in Resources */ = {isa = PBXBuildFile; fileRef = 6D3BBBE81C41C2BA004F2C45 /* Main.storyboard */; };
		6D3BBBEC1C41C2BA004F2C45 /* Assets.xcassets in Resources */ = {isa = PBXBuildFile; fileRef = 6D3BBBEB1C41C2BA004F2C45 /* Assets.xcassets */; };
		6D3BBBEF1C41C2BA004F2C45 /* LaunchScreen.storyboard in Resources */ = {isa = PBXBuildFile; fileRef = 6D3BBBED1C41C2BA004F2C45 /* LaunchScreen.storyboard */; };
		6D3BBBF71C41C2C8004F2C45 /* ViewController.swift in Sources */ = {isa = PBXBuildFile; fileRef = 6D3BBBF61C41C2C8004F2C45 /* ViewController.swift */; };
		6D3BBC011C41C2CE004F2C45 /* Piece.swift in Sources */ = {isa = PBXBuildFile; fileRef = 6D3BBBFA1C41C2CE004F2C45 /* Piece.swift */; };
		6D3BBC021C41C2CE004F2C45 /* PieceAnimation.swift in Sources */ = {isa = PBXBuildFile; fileRef = 6D3BBBFB1C41C2CE004F2C45 /* PieceAnimation.swift */; };
		6D3BBC031C41C2CE004F2C45 /* PiecePositioner.swift in Sources */ = {isa = PBXBuildFile; fileRef = 6D3BBBFC1C41C2CE004F2C45 /* PiecePositioner.swift */; };
		6D3BBC041C41C2CE004F2C45 /* PiecesCreator.swift in Sources */ = {isa = PBXBuildFile; fileRef = 6D3BBBFD1C41C2CE004F2C45 /* PiecesCreator.swift */; };
		6D3BBC051C41C2CE004F2C45 /* PuzzleAnimation.swift in Sources */ = {isa = PBXBuildFile; fileRef = 6D3BBBFE1C41C2CE004F2C45 /* PuzzleAnimation.swift */; };
		6D3BBC081C42BD52004F2C45 /* PieceAnimator.swift in Sources */ = {isa = PBXBuildFile; fileRef = 6D3BBC071C42BD52004F2C45 /* PieceAnimator.swift */; };
		6D3BBC0C1C42BF10004F2C45 /* CollectionShuffle.swift in Sources */ = {isa = PBXBuildFile; fileRef = 6D3BBC0A1C42BF10004F2C45 /* CollectionShuffle.swift */; };
		6D3BBC0D1C42BF10004F2C45 /* Random.swift in Sources */ = {isa = PBXBuildFile; fileRef = 6D3BBC0B1C42BF10004F2C45 /* Random.swift */; };
		6D3BBC231C42E6ED004F2C45 /* PieceTests.swift in Sources */ = {isa = PBXBuildFile; fileRef = 6D3BBC221C42E6ED004F2C45 /* PieceTests.swift */; };
		6D3BBC251C42E79B004F2C45 /* PieceAnimationTests.swift in Sources */ = {isa = PBXBuildFile; fileRef = 6D3BBC241C42E79B004F2C45 /* PieceAnimationTests.swift */; };
		6D3BBC271C42E8D3004F2C45 /* PiecePositionerTests.swift in Sources */ = {isa = PBXBuildFile; fileRef = 6D3BBC261C42E8D3004F2C45 /* PiecePositionerTests.swift */; };
		6D4E487E1C4BF007001DF81E /* PiecesCreatorTests.swift in Sources */ = {isa = PBXBuildFile; fileRef = 6D4E487D1C4BF007001DF81E /* PiecesCreatorTests.swift */; };
		6D6BB73D1C54DDCC000BC71B /* PieceAnimatorTests.swift in Sources */ = {isa = PBXBuildFile; fileRef = 6D6BB73C1C54DDCC000BC71B /* PieceAnimatorTests.swift */; };
		6DF0170A1C5E8A9C00FB5875 /* ArrayRemoveObject.swift in Sources */ = {isa = PBXBuildFile; fileRef = 6DF017091C5E8A9C00FB5875 /* ArrayRemoveObject.swift */; };
/* End PBXBuildFile section */

/* Begin PBXContainerItemProxy section */
		6D3BBC171C42C263004F2C45 /* PBXContainerItemProxy */ = {
			isa = PBXContainerItemProxy;
			containerPortal = 6D3BBBD91C41C2B9004F2C45 /* Project object */;
			proxyType = 1;
			remoteGlobalIDString = 6D3BBBE01C41C2BA004F2C45;
			remoteInfo = PuzzleAnimation;
		};
/* End PBXContainerItemProxy section */

/* Begin PBXFileReference section */
		3376D3A6BAA35CD28CED0659 /* Pods-PuzzleAnimationTests.release.xcconfig */ = {isa = PBXFileReference; includeInIndex = 1; lastKnownFileType = text.xcconfig; name = "Pods-PuzzleAnimationTests.release.xcconfig"; path = "Pods/Target Support Files/Pods-PuzzleAnimationTests/Pods-PuzzleAnimationTests.release.xcconfig"; sourceTree = "<group>"; };
		6D3BBBE11C41C2BA004F2C45 /* PuzzleAnimation.app */ = {isa = PBXFileReference; explicitFileType = wrapper.application; includeInIndex = 0; path = PuzzleAnimation.app; sourceTree = BUILT_PRODUCTS_DIR; };
		6D3BBBE41C41C2BA004F2C45 /* AppDelegate.swift */ = {isa = PBXFileReference; lastKnownFileType = sourcecode.swift; path = AppDelegate.swift; sourceTree = "<group>"; };
		6D3BBBE91C41C2BA004F2C45 /* Base */ = {isa = PBXFileReference; lastKnownFileType = file.storyboard; name = Base; path = Base.lproj/Main.storyboard; sourceTree = "<group>"; };
		6D3BBBEB1C41C2BA004F2C45 /* Assets.xcassets */ = {isa = PBXFileReference; lastKnownFileType = folder.assetcatalog; path = Assets.xcassets; sourceTree = "<group>"; };
		6D3BBBEE1C41C2BA004F2C45 /* Base */ = {isa = PBXFileReference; lastKnownFileType = file.storyboard; name = Base; path = Base.lproj/LaunchScreen.storyboard; sourceTree = "<group>"; };
		6D3BBBF01C41C2BA004F2C45 /* Info.plist */ = {isa = PBXFileReference; lastKnownFileType = text.plist.xml; path = Info.plist; sourceTree = "<group>"; };
		6D3BBBF61C41C2C8004F2C45 /* ViewController.swift */ = {isa = PBXFileReference; fileEncoding = 4; lastKnownFileType = sourcecode.swift; path = ViewController.swift; sourceTree = "<group>"; };
		6D3BBBFA1C41C2CE004F2C45 /* Piece.swift */ = {isa = PBXFileReference; fileEncoding = 4; lastKnownFileType = sourcecode.swift; path = Piece.swift; sourceTree = "<group>"; };
		6D3BBBFB1C41C2CE004F2C45 /* PieceAnimation.swift */ = {isa = PBXFileReference; fileEncoding = 4; lastKnownFileType = sourcecode.swift; path = PieceAnimation.swift; sourceTree = "<group>"; };
		6D3BBBFC1C41C2CE004F2C45 /* PiecePositioner.swift */ = {isa = PBXFileReference; fileEncoding = 4; lastKnownFileType = sourcecode.swift; path = PiecePositioner.swift; sourceTree = "<group>"; };
		6D3BBBFD1C41C2CE004F2C45 /* PiecesCreator.swift */ = {isa = PBXFileReference; fileEncoding = 4; lastKnownFileType = sourcecode.swift; path = PiecesCreator.swift; sourceTree = "<group>"; };
		6D3BBBFE1C41C2CE004F2C45 /* PuzzleAnimation.swift */ = {isa = PBXFileReference; fileEncoding = 4; lastKnownFileType = sourcecode.swift; path = PuzzleAnimation.swift; sourceTree = "<group>"; };
		6D3BBC071C42BD52004F2C45 /* PieceAnimator.swift */ = {isa = PBXFileReference; fileEncoding = 4; lastKnownFileType = sourcecode.swift; path = PieceAnimator.swift; sourceTree = "<group>"; };
		6D3BBC0A1C42BF10004F2C45 /* CollectionShuffle.swift */ = {isa = PBXFileReference; fileEncoding = 4; lastKnownFileType = sourcecode.swift; path = CollectionShuffle.swift; sourceTree = "<group>"; };
		6D3BBC0B1C42BF10004F2C45 /* Random.swift */ = {isa = PBXFileReference; fileEncoding = 4; lastKnownFileType = sourcecode.swift; path = Random.swift; sourceTree = "<group>"; };
		6D3BBC121C42C263004F2C45 /* PuzzleAnimationTests.xctest */ = {isa = PBXFileReference; explicitFileType = wrapper.cfbundle; includeInIndex = 0; path = PuzzleAnimationTests.xctest; sourceTree = BUILT_PRODUCTS_DIR; };
		6D3BBC161C42C263004F2C45 /* Info.plist */ = {isa = PBXFileReference; lastKnownFileType = text.plist.xml; path = Info.plist; sourceTree = "<group>"; };
		6D3BBC221C42E6ED004F2C45 /* PieceTests.swift */ = {isa = PBXFileReference; fileEncoding = 4; lastKnownFileType = sourcecode.swift; path = PieceTests.swift; sourceTree = "<group>"; };
		6D3BBC241C42E79B004F2C45 /* PieceAnimationTests.swift */ = {isa = PBXFileReference; fileEncoding = 4; lastKnownFileType = sourcecode.swift; path = PieceAnimationTests.swift; sourceTree = "<group>"; };
		6D3BBC261C42E8D3004F2C45 /* PiecePositionerTests.swift */ = {isa = PBXFileReference; fileEncoding = 4; lastKnownFileType = sourcecode.swift; path = PiecePositionerTests.swift; sourceTree = "<group>"; };
		6D4E487D1C4BF007001DF81E /* PiecesCreatorTests.swift */ = {isa = PBXFileReference; fileEncoding = 4; lastKnownFileType = sourcecode.swift; path = PiecesCreatorTests.swift; sourceTree = "<group>"; };
		6D6BB73C1C54DDCC000BC71B /* PieceAnimatorTests.swift */ = {isa = PBXFileReference; fileEncoding = 4; lastKnownFileType = sourcecode.swift; path = PieceAnimatorTests.swift; sourceTree = "<group>"; };
		6DB806D3D47036B0B3ABA217 /* Pods_PuzzleAnimationTests.framework */ = {isa = PBXFileReference; explicitFileType = wrapper.framework; includeInIndex = 0; path = Pods_PuzzleAnimationTests.framework; sourceTree = BUILT_PRODUCTS_DIR; };
		6DF017091C5E8A9C00FB5875 /* ArrayRemoveObject.swift */ = {isa = PBXFileReference; fileEncoding = 4; lastKnownFileType = sourcecode.swift; path = ArrayRemoveObject.swift; sourceTree = "<group>"; };
		9C2749287A8EEE42D1B5CA24 /* libPods-PuzzleAnimation.a */ = {isa = PBXFileReference; explicitFileType = archive.ar; includeInIndex = 0; path = "libPods-PuzzleAnimation.a"; sourceTree = BUILT_PRODUCTS_DIR; };
		E9A402DB2E2A2C5482571F27 /* Pods-PuzzleAnimationTests.debug.xcconfig */ = {isa = PBXFileReference; includeInIndex = 1; lastKnownFileType = text.xcconfig; name = "Pods-PuzzleAnimationTests.debug.xcconfig"; path = "Pods/Target Support Files/Pods-PuzzleAnimationTests/Pods-PuzzleAnimationTests.debug.xcconfig"; sourceTree = "<group>"; };
/* End PBXFileReference section */

/* Begin PBXFrameworksBuildPhase section */
		6D3BBBDE1C41C2BA004F2C45 /* Frameworks */ = {
			isa = PBXFrameworksBuildPhase;
			buildActionMask = 2147483647;
			files = (
			);
			runOnlyForDeploymentPostprocessing = 0;
		};
		6D3BBC0F1C42C263004F2C45 /* Frameworks */ = {
			isa = PBXFrameworksBuildPhase;
			buildActionMask = 2147483647;
			files = (
				5CA961FAC99CEC7A837EBE47 /* Pods_PuzzleAnimationTests.framework in Frameworks */,
			);
			runOnlyForDeploymentPostprocessing = 0;
		};
/* End PBXFrameworksBuildPhase section */

/* Begin PBXGroup section */
		20EA82D4FDBA2060DE198486 /* Pods */ = {
			isa = PBXGroup;
			children = (
				E9A402DB2E2A2C5482571F27 /* Pods-PuzzleAnimationTests.debug.xcconfig */,
				3376D3A6BAA35CD28CED0659 /* Pods-PuzzleAnimationTests.release.xcconfig */,
			);
			name = Pods;
			sourceTree = "<group>";
		};
		6D3BBBD81C41C2B9004F2C45 = {
			isa = PBXGroup;
			children = (
				6D3BBBF81C41C2CE004F2C45 /* Source */,
				6D3BBBE31C41C2BA004F2C45 /* PuzzleAnimation */,
				6D3BBC131C42C263004F2C45 /* PuzzleAnimationTests */,
				6D3BBBE21C41C2BA004F2C45 /* Products */,
				20EA82D4FDBA2060DE198486 /* Pods */,
				EBBAAE6D3F34906B7F35D6C4 /* Frameworks */,
			);
			sourceTree = "<group>";
		};
		6D3BBBE21C41C2BA004F2C45 /* Products */ = {
			isa = PBXGroup;
			children = (
				6D3BBBE11C41C2BA004F2C45 /* PuzzleAnimation.app */,
				6D3BBC121C42C263004F2C45 /* PuzzleAnimationTests.xctest */,
			);
			name = Products;
			sourceTree = "<group>";
		};
		6D3BBBE31C41C2BA004F2C45 /* PuzzleAnimation */ = {
			isa = PBXGroup;
			children = (
				6D3BBBF61C41C2C8004F2C45 /* ViewController.swift */,
				6D3BBBE41C41C2BA004F2C45 /* AppDelegate.swift */,
				6D3BBBE81C41C2BA004F2C45 /* Main.storyboard */,
				6D3BBBEB1C41C2BA004F2C45 /* Assets.xcassets */,
				6D3BBBED1C41C2BA004F2C45 /* LaunchScreen.storyboard */,
				6D3BBBF01C41C2BA004F2C45 /* Info.plist */,
			);
			path = PuzzleAnimation;
			sourceTree = "<group>";
		};
		6D3BBBF81C41C2CE004F2C45 /* Source */ = {
			isa = PBXGroup;
			children = (
				6D3BBC091C42BF01004F2C45 /* External */,
				6D3BBBFA1C41C2CE004F2C45 /* Piece.swift */,
				6D3BBBFB1C41C2CE004F2C45 /* PieceAnimation.swift */,
				6D3BBBFC1C41C2CE004F2C45 /* PiecePositioner.swift */,
				6D3BBBFD1C41C2CE004F2C45 /* PiecesCreator.swift */,
				6D3BBC071C42BD52004F2C45 /* PieceAnimator.swift */,
				6D3BBBFE1C41C2CE004F2C45 /* PuzzleAnimation.swift */,
			);
			path = Source;
			sourceTree = "<group>";
		};
		6D3BBC091C42BF01004F2C45 /* External */ = {
			isa = PBXGroup;
			children = (
				6D3BBC0A1C42BF10004F2C45 /* CollectionShuffle.swift */,
				6D3BBC0B1C42BF10004F2C45 /* Random.swift */,
				6DF017091C5E8A9C00FB5875 /* ArrayRemoveObject.swift */,
			);
			path = External;
			sourceTree = "<group>";
		};
		6D3BBC131C42C263004F2C45 /* PuzzleAnimationTests */ = {
			isa = PBXGroup;
			children = (
				6D3BBC161C42C263004F2C45 /* Info.plist */,
				6D3BBC221C42E6ED004F2C45 /* PieceTests.swift */,
				6D3BBC241C42E79B004F2C45 /* PieceAnimationTests.swift */,
				6D3BBC261C42E8D3004F2C45 /* PiecePositionerTests.swift */,
				6D4E487D1C4BF007001DF81E /* PiecesCreatorTests.swift */,
				6D6BB73C1C54DDCC000BC71B /* PieceAnimatorTests.swift */,
			);
			path = PuzzleAnimationTests;
			sourceTree = "<group>";
		};
		EBBAAE6D3F34906B7F35D6C4 /* Frameworks */ = {
			isa = PBXGroup;
			children = (
				9C2749287A8EEE42D1B5CA24 /* libPods-PuzzleAnimation.a */,
				6DB806D3D47036B0B3ABA217 /* Pods_PuzzleAnimationTests.framework */,
			);
			name = Frameworks;
			sourceTree = "<group>";
		};
/* End PBXGroup section */

/* Begin PBXNativeTarget section */
		6D3BBBE01C41C2BA004F2C45 /* PuzzleAnimation */ = {
			isa = PBXNativeTarget;
			buildConfigurationList = 6D3BBBF31C41C2BA004F2C45 /* Build configuration list for PBXNativeTarget "PuzzleAnimation" */;
			buildPhases = (
				6D3BBBDD1C41C2BA004F2C45 /* Sources */,
				6D3BBBDE1C41C2BA004F2C45 /* Frameworks */,
				6D3BBBDF1C41C2BA004F2C45 /* Resources */,
			);
			buildRules = (
			);
			dependencies = (
			);
			name = PuzzleAnimation;
			productName = PuzzleAnimation;
			productReference = 6D3BBBE11C41C2BA004F2C45 /* PuzzleAnimation.app */;
			productType = "com.apple.product-type.application";
		};
		6D3BBC111C42C263004F2C45 /* PuzzleAnimationTests */ = {
			isa = PBXNativeTarget;
			buildConfigurationList = 6D3BBC191C42C263004F2C45 /* Build configuration list for PBXNativeTarget "PuzzleAnimationTests" */;
			buildPhases = (
				8887CCF9FD3A615F07FAD43A /* Check Pods Manifest.lock */,
				6D3BBC0E1C42C263004F2C45 /* Sources */,
				6D3BBC0F1C42C263004F2C45 /* Frameworks */,
				6D3BBC101C42C263004F2C45 /* Resources */,
				F53BB0E4D5A3F2B9E1526C02 /* Embed Pods Frameworks */,
				904859C60541AE6310D4F699 /* Copy Pods Resources */,
			);
			buildRules = (
			);
			dependencies = (
				6D3BBC181C42C263004F2C45 /* PBXTargetDependency */,
			);
			name = PuzzleAnimationTests;
			productName = PuzzleAnimationTests;
			productReference = 6D3BBC121C42C263004F2C45 /* PuzzleAnimationTests.xctest */;
			productType = "com.apple.product-type.bundle.unit-test";
		};
/* End PBXNativeTarget section */

/* Begin PBXProject section */
		6D3BBBD91C41C2B9004F2C45 /* Project object */ = {
			isa = PBXProject;
			attributes = {
				LastSwiftUpdateCheck = 0720;
				LastUpgradeCheck = 0720;
				ORGANIZATIONNAME = "Anton Domashnev";
				TargetAttributes = {
					6D3BBBE01C41C2BA004F2C45 = {
						CreatedOnToolsVersion = 7.2;
					};
					6D3BBC111C42C263004F2C45 = {
						CreatedOnToolsVersion = 7.2;
						TestTargetID = 6D3BBBE01C41C2BA004F2C45;
					};
				};
			};
			buildConfigurationList = 6D3BBBDC1C41C2B9004F2C45 /* Build configuration list for PBXProject "PuzzleAnimation" */;
			compatibilityVersion = "Xcode 3.2";
			developmentRegion = English;
			hasScannedForEncodings = 0;
			knownRegions = (
				en,
				Base,
			);
			mainGroup = 6D3BBBD81C41C2B9004F2C45;
			productRefGroup = 6D3BBBE21C41C2BA004F2C45 /* Products */;
			projectDirPath = "";
			projectRoot = "";
			targets = (
				6D3BBBE01C41C2BA004F2C45 /* PuzzleAnimation */,
				6D3BBC111C42C263004F2C45 /* PuzzleAnimationTests */,
			);
		};
/* End PBXProject section */

/* Begin PBXResourcesBuildPhase section */
		6D3BBBDF1C41C2BA004F2C45 /* Resources */ = {
			isa = PBXResourcesBuildPhase;
			buildActionMask = 2147483647;
			files = (
				6D3BBBEF1C41C2BA004F2C45 /* LaunchScreen.storyboard in Resources */,
				6D3BBBEC1C41C2BA004F2C45 /* Assets.xcassets in Resources */,
				6D3BBBEA1C41C2BA004F2C45 /* Main.storyboard in Resources */,
			);
			runOnlyForDeploymentPostprocessing = 0;
		};
		6D3BBC101C42C263004F2C45 /* Resources */ = {
			isa = PBXResourcesBuildPhase;
			buildActionMask = 2147483647;
			files = (
			);
			runOnlyForDeploymentPostprocessing = 0;
		};
/* End PBXResourcesBuildPhase section */

/* Begin PBXShellScriptBuildPhase section */
		8887CCF9FD3A615F07FAD43A /* Check Pods Manifest.lock */ = {
			isa = PBXShellScriptBuildPhase;
			buildActionMask = 2147483647;
			files = (
			);
			inputPaths = (
			);
			name = "Check Pods Manifest.lock";
			outputPaths = (
			);
			runOnlyForDeploymentPostprocessing = 0;
			shellPath = /bin/sh;
			shellScript = "diff \"${PODS_ROOT}/../Podfile.lock\" \"${PODS_ROOT}/Manifest.lock\" > /dev/null\nif [[ $? != 0 ]] ; then\n    cat << EOM\nerror: The sandbox is not in sync with the Podfile.lock. Run 'pod install' or update your CocoaPods installation.\nEOM\n    exit 1\nfi\n";
			showEnvVarsInLog = 0;
		};
		904859C60541AE6310D4F699 /* Copy Pods Resources */ = {
			isa = PBXShellScriptBuildPhase;
			buildActionMask = 2147483647;
			files = (
			);
			inputPaths = (
			);
			name = "Copy Pods Resources";
			outputPaths = (
			);
			runOnlyForDeploymentPostprocessing = 0;
			shellPath = /bin/sh;
			shellScript = "\"${SRCROOT}/Pods/Target Support Files/Pods-PuzzleAnimationTests/Pods-PuzzleAnimationTests-resources.sh\"\n";
			showEnvVarsInLog = 0;
		};
		F53BB0E4D5A3F2B9E1526C02 /* Embed Pods Frameworks */ = {
			isa = PBXShellScriptBuildPhase;
			buildActionMask = 2147483647;
			files = (
			);
			inputPaths = (
			);
			name = "Embed Pods Frameworks";
			outputPaths = (
			);
			runOnlyForDeploymentPostprocessing = 0;
			shellPath = /bin/sh;
			shellScript = "\"${SRCROOT}/Pods/Target Support Files/Pods-PuzzleAnimationTests/Pods-PuzzleAnimationTests-frameworks.sh\"\n";
			showEnvVarsInLog = 0;
		};
/* End PBXShellScriptBuildPhase section */

/* Begin PBXSourcesBuildPhase section */
		6D3BBBDD1C41C2BA004F2C45 /* Sources */ = {
			isa = PBXSourcesBuildPhase;
			buildActionMask = 2147483647;
			files = (
				6D3BBC041C41C2CE004F2C45 /* PiecesCreator.swift in Sources */,
				6D3BBC011C41C2CE004F2C45 /* Piece.swift in Sources */,
				6D3BBC0D1C42BF10004F2C45 /* Random.swift in Sources */,
				6D3BBC0C1C42BF10004F2C45 /* CollectionShuffle.swift in Sources */,
				6DF0170A1C5E8A9C00FB5875 /* ArrayRemoveObject.swift in Sources */,
				6D3BBC051C41C2CE004F2C45 /* PuzzleAnimation.swift in Sources */,
				6D3BBC081C42BD52004F2C45 /* PieceAnimator.swift in Sources */,
				6D3BBBF71C41C2C8004F2C45 /* ViewController.swift in Sources */,
				6D3BBC031C41C2CE004F2C45 /* PiecePositioner.swift in Sources */,
				6D3BBC021C41C2CE004F2C45 /* PieceAnimation.swift in Sources */,
				6D3BBBE51C41C2BA004F2C45 /* AppDelegate.swift in Sources */,
			);
			runOnlyForDeploymentPostprocessing = 0;
		};
		6D3BBC0E1C42C263004F2C45 /* Sources */ = {
			isa = PBXSourcesBuildPhase;
			buildActionMask = 2147483647;
			files = (
				6D6BB73D1C54DDCC000BC71B /* PieceAnimatorTests.swift in Sources */,
				6D3BBC251C42E79B004F2C45 /* PieceAnimationTests.swift in Sources */,
				6D3BBC231C42E6ED004F2C45 /* PieceTests.swift in Sources */,
				6D3BBC271C42E8D3004F2C45 /* PiecePositionerTests.swift in Sources */,
				6D4E487E1C4BF007001DF81E /* PiecesCreatorTests.swift in Sources */,
			);
			runOnlyForDeploymentPostprocessing = 0;
		};
/* End PBXSourcesBuildPhase section */

/* Begin PBXTargetDependency section */
		6D3BBC181C42C263004F2C45 /* PBXTargetDependency */ = {
			isa = PBXTargetDependency;
			target = 6D3BBBE01C41C2BA004F2C45 /* PuzzleAnimation */;
			targetProxy = 6D3BBC171C42C263004F2C45 /* PBXContainerItemProxy */;
		};
/* End PBXTargetDependency section */

/* Begin PBXVariantGroup section */
		6D3BBBE81C41C2BA004F2C45 /* Main.storyboard */ = {
			isa = PBXVariantGroup;
			children = (
				6D3BBBE91C41C2BA004F2C45 /* Base */,
			);
			name = Main.storyboard;
			sourceTree = "<group>";
		};
		6D3BBBED1C41C2BA004F2C45 /* LaunchScreen.storyboard */ = {
			isa = PBXVariantGroup;
			children = (
				6D3BBBEE1C41C2BA004F2C45 /* Base */,
			);
			name = LaunchScreen.storyboard;
			sourceTree = "<group>";
		};
/* End PBXVariantGroup section */

/* Begin XCBuildConfiguration section */
		6D3BBBF11C41C2BA004F2C45 /* Debug */ = {
			isa = XCBuildConfiguration;
			buildSettings = {
				ALWAYS_SEARCH_USER_PATHS = NO;
				CLANG_CXX_LANGUAGE_STANDARD = "gnu++0x";
				CLANG_CXX_LIBRARY = "libc++";
				CLANG_ENABLE_MODULES = YES;
				CLANG_ENABLE_OBJC_ARC = YES;
				CLANG_WARN_BOOL_CONVERSION = YES;
				CLANG_WARN_CONSTANT_CONVERSION = YES;
				CLANG_WARN_DIRECT_OBJC_ISA_USAGE = YES_ERROR;
				CLANG_WARN_EMPTY_BODY = YES;
				CLANG_WARN_ENUM_CONVERSION = YES;
				CLANG_WARN_INT_CONVERSION = YES;
				CLANG_WARN_OBJC_ROOT_CLASS = YES_ERROR;
				CLANG_WARN_UNREACHABLE_CODE = YES;
				CLANG_WARN__DUPLICATE_METHOD_MATCH = YES;
				"CODE_SIGN_IDENTITY[sdk=iphoneos*]" = "iPhone Developer";
				COPY_PHASE_STRIP = NO;
				DEBUG_INFORMATION_FORMAT = dwarf;
				ENABLE_STRICT_OBJC_MSGSEND = YES;
				ENABLE_TESTABILITY = YES;
				GCC_C_LANGUAGE_STANDARD = gnu99;
				GCC_DYNAMIC_NO_PIC = NO;
				GCC_NO_COMMON_BLOCKS = YES;
				GCC_OPTIMIZATION_LEVEL = 0;
				GCC_PREPROCESSOR_DEFINITIONS = (
					"DEBUG=1",
					"$(inherited)",
				);
				GCC_WARN_64_TO_32_BIT_CONVERSION = YES;
				GCC_WARN_ABOUT_RETURN_TYPE = YES_ERROR;
				GCC_WARN_UNDECLARED_SELECTOR = YES;
				GCC_WARN_UNINITIALIZED_AUTOS = YES_AGGRESSIVE;
				GCC_WARN_UNUSED_FUNCTION = YES;
				GCC_WARN_UNUSED_VARIABLE = YES;
				IPHONEOS_DEPLOYMENT_TARGET = 9.2;
				MTL_ENABLE_DEBUG_INFO = YES;
				ONLY_ACTIVE_ARCH = YES;
				SDKROOT = iphoneos;
				SWIFT_OPTIMIZATION_LEVEL = "-Onone";
			};
			name = Debug;
		};
		6D3BBBF21C41C2BA004F2C45 /* Release */ = {
			isa = XCBuildConfiguration;
			buildSettings = {
				ALWAYS_SEARCH_USER_PATHS = NO;
				CLANG_CXX_LANGUAGE_STANDARD = "gnu++0x";
				CLANG_CXX_LIBRARY = "libc++";
				CLANG_ENABLE_MODULES = YES;
				CLANG_ENABLE_OBJC_ARC = YES;
				CLANG_WARN_BOOL_CONVERSION = YES;
				CLANG_WARN_CONSTANT_CONVERSION = YES;
				CLANG_WARN_DIRECT_OBJC_ISA_USAGE = YES_ERROR;
				CLANG_WARN_EMPTY_BODY = YES;
				CLANG_WARN_ENUM_CONVERSION = YES;
				CLANG_WARN_INT_CONVERSION = YES;
				CLANG_WARN_OBJC_ROOT_CLASS = YES_ERROR;
				CLANG_WARN_UNREACHABLE_CODE = YES;
				CLANG_WARN__DUPLICATE_METHOD_MATCH = YES;
				"CODE_SIGN_IDENTITY[sdk=iphoneos*]" = "iPhone Developer";
				COPY_PHASE_STRIP = NO;
				DEBUG_INFORMATION_FORMAT = "dwarf-with-dsym";
				ENABLE_NS_ASSERTIONS = NO;
				ENABLE_STRICT_OBJC_MSGSEND = YES;
				GCC_C_LANGUAGE_STANDARD = gnu99;
				GCC_NO_COMMON_BLOCKS = YES;
				GCC_WARN_64_TO_32_BIT_CONVERSION = YES;
				GCC_WARN_ABOUT_RETURN_TYPE = YES_ERROR;
				GCC_WARN_UNDECLARED_SELECTOR = YES;
				GCC_WARN_UNINITIALIZED_AUTOS = YES_AGGRESSIVE;
				GCC_WARN_UNUSED_FUNCTION = YES;
				GCC_WARN_UNUSED_VARIABLE = YES;
				IPHONEOS_DEPLOYMENT_TARGET = 9.2;
				MTL_ENABLE_DEBUG_INFO = NO;
				SDKROOT = iphoneos;
				VALIDATE_PRODUCT = YES;
			};
			name = Release;
		};
		6D3BBBF41C41C2BA004F2C45 /* Debug */ = {
			isa = XCBuildConfiguration;
			buildSettings = {
				ASSETCATALOG_COMPILER_APPICON_NAME = AppIcon;
				INFOPLIST_FILE = PuzzleAnimation/Info.plist;
				LD_RUNPATH_SEARCH_PATHS = "$(inherited) @executable_path/Frameworks";
				PRODUCT_BUNDLE_IDENTIFIER = com.antondomashnev.PuzzleAnimation;
				PRODUCT_NAME = "$(TARGET_NAME)";
			};
			name = Debug;
		};
		6D3BBBF51C41C2BA004F2C45 /* Release */ = {
			isa = XCBuildConfiguration;
			buildSettings = {
				ASSETCATALOG_COMPILER_APPICON_NAME = AppIcon;
				INFOPLIST_FILE = PuzzleAnimation/Info.plist;
				LD_RUNPATH_SEARCH_PATHS = "$(inherited) @executable_path/Frameworks";
				PRODUCT_BUNDLE_IDENTIFIER = com.antondomashnev.PuzzleAnimation;
				PRODUCT_NAME = "$(TARGET_NAME)";
			};
			name = Release;
		};
		6D3BBC1A1C42C263004F2C45 /* Debug */ = {
			isa = XCBuildConfiguration;
			baseConfigurationReference = E9A402DB2E2A2C5482571F27 /* Pods-PuzzleAnimationTests.debug.xcconfig */;
			buildSettings = {
				BUNDLE_LOADER = "$(TEST_HOST)";
				INFOPLIST_FILE = PuzzleAnimationTests/Info.plist;
				LD_RUNPATH_SEARCH_PATHS = "$(inherited) @executable_path/Frameworks @loader_path/Frameworks";
				PRODUCT_BUNDLE_IDENTIFIER = com.antondomashnev.PuzzleAnimationTests;
				PRODUCT_NAME = "$(TARGET_NAME)";
				TEST_HOST = "$(BUILT_PRODUCTS_DIR)/PuzzleAnimation.app/PuzzleAnimation";
			};
			name = Debug;
		};
		6D3BBC1B1C42C263004F2C45 /* Release */ = {
			isa = XCBuildConfiguration;
			baseConfigurationReference = 3376D3A6BAA35CD28CED0659 /* Pods-PuzzleAnimationTests.release.xcconfig */;
			buildSettings = {
				BUNDLE_LOADER = "$(TEST_HOST)";
				INFOPLIST_FILE = PuzzleAnimationTests/Info.plist;
				LD_RUNPATH_SEARCH_PATHS = "$(inherited) @executable_path/Frameworks @loader_path/Frameworks";
				PRODUCT_BUNDLE_IDENTIFIER = com.antondomashnev.PuzzleAnimationTests;
				PRODUCT_NAME = "$(TARGET_NAME)";
				TEST_HOST = "$(BUILT_PRODUCTS_DIR)/PuzzleAnimation.app/PuzzleAnimation";
			};
			name = Release;
		};
/* End XCBuildConfiguration section */

/* Begin XCConfigurationList section */
		6D3BBBDC1C41C2B9004F2C45 /* Build configuration list for PBXProject "PuzzleAnimation" */ = {
			isa = XCConfigurationList;
			buildConfigurations = (
				6D3BBBF11C41C2BA004F2C45 /* Debug */,
				6D3BBBF21C41C2BA004F2C45 /* Release */,
			);
			defaultConfigurationIsVisible = 0;
			defaultConfigurationName = Release;
		};
		6D3BBBF31C41C2BA004F2C45 /* Build configuration list for PBXNativeTarget "PuzzleAnimation" */ = {
			isa = XCConfigurationList;
			buildConfigurations = (
				6D3BBBF41C41C2BA004F2C45 /* Debug */,
				6D3BBBF51C41C2BA004F2C45 /* Release */,
			);
			defaultConfigurationIsVisible = 0;
			defaultConfigurationName = Release;
		};
		6D3BBC191C42C263004F2C45 /* Build configuration list for PBXNativeTarget "PuzzleAnimationTests" */ = {
			isa = XCConfigurationList;
			buildConfigurations = (
				6D3BBC1A1C42C263004F2C45 /* Debug */,
				6D3BBC1B1C42C263004F2C45 /* Release */,
			);
			defaultConfigurationIsVisible = 0;
			defaultConfigurationName = Release;
		};
/* End XCConfigurationList section */
	};
	rootObject = 6D3BBBD91C41C2B9004F2C45 /* Project object */;
}
